<Solution>
  <Folder Name="/Solution Items/">
    <File Path="CLAUDE.md" />
    <File Path="Directory.Build.props" />
    <File Path="Directory.Packages.props" />
  </Folder>
  <Folder Name="/src/">
    <Project Path="src/AndreGoepel.AppFoundation/AndreGoepel.AppFoundation.csproj" />
    <Project Path="src/AndreGoepel.AppFoundation.Hosting/AndreGoepel.AppFoundation.Hosting.csproj" />
    <Project Path="src/AndreGoepel.AppFoundation.MailService/AndreGoepel.AppFoundation.MailService.csproj" />
    <Project Path="src/AndreGoepel.AppFoundation.ServiceDefaults/AndreGoepel.AppFoundation.ServiceDefaults.csproj" />
  </Folder>
  <Folder Name="/tests/">
    <Project Path="tests/AndreGoepel.AppFoundation.Tests/AndreGoepel.AppFoundation.Tests.csproj" />
    <Project Path="tests/AndreGoepel.AppFoundation.MailService.Tests/AndreGoepel.AppFoundation.MailService.Tests.csproj" />
    <Project Path="tests/AndreGoepel.AppFoundation.E2ETests/AndreGoepel.AppFoundation.E2ETests.csproj" />
  </Folder>
  <Folder Name="/samples/">
    <Project Path="samples/AndreGoepel.AppFoundation.AppHost/AndreGoepel.AppFoundation.AppHost.csproj" />
    <Project Path="samples/AndreGoepel.AppFoundation.Sample/AndreGoepel.AppFoundation.Sample.csproj" />
  </Folder>
</Solution>
