{
  "version": 2,
  "dependencies": {
    "net10.0": {
      "AndreGoepel.Design.Blazor": {
        "type": "Direct",
        "requested": "[1.6.0, )",
        "resolved": "1.6.0",
        "contentHash": "ciJLnfD2c8mXk/WMPlybrwEhWnpsA8IGTrNAzo+5mRLAy0k7MQFWNPrTOlW536BYAhb0Ri3INseVBQfV8fX8ww==",
        "dependencies": {
          "Radzen.Blazor": "11.1.7"
        }
      },
      "AndreGoepel.Marten.Identity.Blazor": {
        "type": "Direct",
        "requested": "[1.9.1, )",
        "resolved": "1.9.1",
        "contentHash": "YyrZHNGkd6cuI1SE51M6WksD68gZT52whZi6Wv7mOGHEd/UJjFOEzKGmqndro+LyfKtcml3iDUOF/C7JsItO7w==",
        "dependencies": {
          "AndreGoepel.Design.Blazor": "1.6.0",
          "AndreGoepel.Marten.Configuration": "1.1.0",
          "AndreGoepel.Marten.Identity": "1.9.1",
          "Marten": "9.22.0",
          "Radzen.Blazor": "11.2.0"
        }
      },
      "Marten": {
        "type": "Direct",
        "requested": "[9.22.5, )",
        "resolved": "9.22.5",
        "contentHash": "d17vRjdA1KhWsbKDuVQ9eb6p7rJpMaMioD312lMXFhVklV+l0NT/yqFKIzDxNzIFsVkFUpp9MjMVi2ef4I8eJg==",
        "dependencies": {
          "JasperFx": "2.42.2",
          "JasperFx.Events": "2.42.2",
          "Microsoft.IO.RecyclableMemoryStream": "3.0.1",
          "Weasel.Postgresql": "9.23.2",
          "Weasel.Storage": "9.23.2"
        }
      },
      "Npgsql": {
        "type": "Direct",
        "requested": "[9.0.5, )",
        "resolved": "9.0.5",
        "contentHash": "NRZkUlTUh06f7f14wriEoO+BrJcyw/agh3xozXLM3ii7C/08SyXqcI89EMfZJuHkOcfDU8W0enGcZ8RGNVOw0w=="
      },
      "Radzen.Blazor": {
        "type": "Direct",
        "requested": "[11.2.2, )",
        "resolved": "11.2.2",
        "contentHash": "Vd5sYxLuc2ChWUMNYkGrzN8IQkOLUnZIFKD/bKi2Ef4JJj1b+QZQgr26uDwkOK3Y6UI2ZZMWAzxQ6HulG/DmsA=="
      },
      "WolverineFx.Marten": {
        "type": "Direct",
        "requested": "[6.25.0, )",
        "resolved": "6.25.0",
        "contentHash": "SAcqIe1LTCkRvS80SyEneQp/xiww1Vm0/QdHK20tFj4kGP8ELwgP6zyEe2ePtKh+iwnvUA4wCHPUfMso41Zz2w==",
        "dependencies": {
          "Marten": "9.22.2",
          "WolverineFx.Postgresql": "6.25.0"
        }
      },
      "AndreGoepel.Marten.Identity": {
        "type": "Transitive",
        "resolved": "1.9.1",
        "contentHash": "GIKuyrBm4dwI3KbbO+p3nas/k4WYVwGCWRTLKxxmMu4TVtRTIR4dXPXv582G7o5fWRDIez9uw5zbwNVwLqjisQ==",
        "dependencies": {
          "AndreGoepel.Core": "1.0.1",
          "AndreGoepel.Marten.Configuration": "1.1.0",
          "AndreGoepel.Marten.Identity.Abstractions": "1.9.1",
          "Marten": "9.22.0",
          "Marten.AspNetCore": "9.22.0",
          "Quartz.Extensions.Hosting": "3.19.1"
        }
      },
      "AndreGoepel.Marten.Identity.Abstractions": {
        "type": "Transitive",
        "resolved": "1.9.1",
        "contentHash": "SoE/udA2kuIFgFgAJMhC/6mr9w2oJucpz2tABUOUrDImqOgPXe6drETKTBhgIdzOUkl3EJ/qyLcuFrZIpy8sIw=="
      },
      "BouncyCastle.Cryptography": {
        "type": "Transitive",
        "resolved": "2.6.2",
        "contentHash": "7oWOcvnntmMKNzDLsdxAYqApt+AjpRpP2CShjMfIa3umZ42UQMvH0tl1qAliYPNYO6vTdcGMqnRrCPmsfzTI1w=="
      },
      "DistributedLock.Core": {
        "type": "Transitive",
        "resolved": "1.0.8",
        "contentHash": "LAOsY8WxX8JU/n3lfXFz+f2pfnv0+4bHkCrOO3bwa28u9HrS3DlxSG6jf+u76SqesKs+KehZi0CndkfaUXBKvg=="
      },
      "DistributedLock.Postgres": {
        "type": "Transitive",
        "resolved": "1.3.0",
        "contentHash": "CyjXmbhFgG30qPg4DwGnsmZO63y5DBRo+PI2xW0NwtFrsYsMVt/T1RcEUlb36JMKhDkf+euhnkanv/nU+W35qA==",
        "dependencies": {
          "DistributedLock.Core": "[1.0.8, 1.1.0)",
          "Npgsql": "8.0.6"
        }
      },
      "FastExpressionCompiler": {
        "type": "Transitive",
        "resolved": "5.4.1",
        "contentHash": "nqMykMspK5cQd35Y8ulQzAujxCcCwZVUne32pC5xNpXqrbPCuKOPMWkKHJ3LveAZPm6dsVvump0TJ1SZ9RzfTQ=="
      },
      "ImTools": {
        "type": "Transitive",
        "resolved": "4.0.0",
        "contentHash": "dms0JfLKC9AQbQX/EdpRjn59EjEvaCxIgv1z9YxbEQb5SiOVoo7vlIKdEySeEwUkWhN05rZnNpUpG+aw5VqPVQ=="
      },
      "JasperFx": {
        "type": "Transitive",
        "resolved": "2.42.2",
        "contentHash": "lT78xH+M75Lq5PJVINxxvnkC+1UuYxbuivD5z+IYNpEppRn3e68VZA+fZ25Y+a7BPkFrPOfqyyvmqUAgvDZHmQ==",
        "dependencies": {
          "FastExpressionCompiler": "5.4.1",
          "ImTools": "4.0.0",
          "Microsoft.Bcl.TimeProvider": "10.0.0",
          "Polly.Core": "8.6.5",
          "Spectre.Console": "0.55.0"
        }
      },
      "JasperFx.Events": {
        "type": "Transitive",
        "resolved": "2.42.2",
        "contentHash": "Daap1QmpOEpcnLRe0d7Gfu9s/ZIL488GjF/PVcLrfSJTU9gT2d4cWUG+eG44a7FSJLa5ZGNdM5lTNVwH4ASmVg==",
        "dependencies": {
          "JasperFx": "2.42.2"
        }
      },
      "JasperFx.SourceGenerator": {
        "type": "Transitive",
        "resolved": "2.39.5",
        "contentHash": "/rhOqmr0+a7MyhtDshu5FJmjrRioGOwwss3xzNOTIKvJIRGGYeKzZDLtr8aH4xVUTg4OTs5lpUqvKlYG984jFA=="
      },
      "Microsoft.Bcl.TimeProvider": {
        "type": "Transitive",
        "resolved": "10.0.0",
        "contentHash": "bUubrBD6tRJE3V1kvRloYc6NymH3R5oFKjAS9e0ELNx6u0ZR+zjps9dDQyjgqN/rArzl7f+21KGszj3YRN7F2Q=="
      },
      "Microsoft.IO.RecyclableMemoryStream": {
        "type": "Transitive",
        "resolved": "3.0.1",
        "contentHash": "s/s20YTVY9r9TPfTrN5g8zPF1YhwxyqO6PxUkrYTGI2B+OGPe9AdajWZrLhFqXIvqIW23fnUE4+ztrUWNU1+9g=="
      },
      "MimeKit": {
        "type": "Transitive",
        "resolved": "4.17.0",
        "contentHash": "h/KXsCreJf8RpR/PSAtlbvYtZFndp9N8Wn1Bs248AL7ITyhn+AiIY5bLTvt60tbN2mu6g8KadtBNWygTji2lqg==",
        "dependencies": {
          "BouncyCastle.Cryptography": "2.6.2",
          "System.Security.Cryptography.Pkcs": "10.0.0"
        }
      },
      "NetTopologySuite": {
        "type": "Transitive",
        "resolved": "2.5.0",
        "contentHash": "5/+2O2ADomEdUn09mlSigACdqvAf0m/pVPGtIPEPQWnyrVykYY0NlfXLIdkMgi41kvH9kNrPqYaFBTZtHYH7Xw=="
      },
      "NetTopologySuite.IO.PostGis": {
        "type": "Transitive",
        "resolved": "2.1.0",
        "contentHash": "3W8XTFz8iP6GQ5jDXK1/LANHiU+988k1kmmuPWNKcJLpmSg6CvFpbTpz+s4+LBzkAp64wHGOldSlkSuzYfrIKA==",
        "dependencies": {
          "NetTopologySuite": "[2.0.0, 3.0.0-A)"
        }
      },
      "NewId": {
        "type": "Transitive",
        "resolved": "4.0.1",
        "contentHash": "jegBasNndmG21G3BmT51suFDCIz/sLN81j+IxmkZ4iWoaDi8LygeHiyNnYbXz5OQh9nCRJFIx1+PJrlYi1Gc9Q=="
      },
      "Npgsql.NetTopologySuite": {
        "type": "Transitive",
        "resolved": "9.0.4",
        "contentHash": "7AwBLPz8EPmgAXveZ55K0Tz/9bNb8j4VI4pkTOQjyHrce8wWfAA9pefm3REidy+Kt2UFiAWef34YVi7sb/kB4A==",
        "dependencies": {
          "NetTopologySuite": "2.5.0",
          "NetTopologySuite.IO.PostGIS": "2.1.0",
          "Npgsql": "9.0.4"
        }
      },
      "Polly.Core": {
        "type": "Transitive",
        "resolved": "8.6.5",
        "contentHash": "t+sUVrIwvo7UmsgHGgOG9F0GDZSRIm47u2ylH17Gvcv1q5hNEwgD5GoBlFyc0kh/pebmPyrAgvGsR/65ZBaXlg=="
      },
      "Quartz": {
        "type": "Transitive",
        "resolved": "3.19.1",
        "contentHash": "u+kAlmReZLLpKRG9TcPt8gP0H5e8Nff11fh9tz52e4B+GtXm9cLBOe/bfGcDs4IQftmEcxakpfTzOlsZdv9ekg=="
      },
      "Quartz.Extensions.DependencyInjection": {
        "type": "Transitive",
        "resolved": "3.19.1",
        "contentHash": "6UKrPvWQBgOslVnhD6OgFBjBA3kO7kUc4bM2EXG8b+vSgB/EHqVP8cLOb9RePZQJb5OJeNunN9dNEmGLpg5wuw==",
        "dependencies": {
          "Quartz": "3.19.1"
        }
      },
      "Spectre.Console": {
        "type": "Transitive",
        "resolved": "0.55.0",
        "contentHash": "2TVhUHFsDux0Z+y2Hv4bFsOMuON4SuotEEKkMparFkp5Rm259naaaEQrN4Sv6C1cbsiGKPjfkJDGgUp+hZPjTw==",
        "dependencies": {
          "Spectre.Console.Ansi": "0.55.0"
        }
      },
      "Spectre.Console.Ansi": {
        "type": "Transitive",
        "resolved": "0.55.0",
        "contentHash": "GIfgOvuF8MpU52bprhwtDEtx0gmVIGOepM8bw0lH/TSMD0rg1Xp+5Y53kPG8rFVdcpbNANlhDQ5mEVVPO3/2Tg=="
      },
      "System.Security.Cryptography.Pkcs": {
        "type": "Transitive",
        "resolved": "10.0.0",
        "contentHash": "UPWqLSygJlFerRi9XNIuM0a1VC8gHUIufyP24xQ0sc+XimqUAEcjpOz9DhKpyDjH+5B/wO3RpC0KpkEeDj/ddg=="
      },
      "Weasel.Core": {
        "type": "Transitive",
        "resolved": "9.23.2",
        "contentHash": "SWNWucfZZr402wYG0n6aOOXw0/UaSYdMVL0kWs7j3oTXXTLYW6iSfkyFtCBV2WeItLQ3ZLDnDCnLv/oE4wWdAg==",
        "dependencies": {
          "JasperFx": "2.38.0"
        }
      },
      "Weasel.Postgresql": {
        "type": "Transitive",
        "resolved": "9.23.2",
        "contentHash": "7QSHAzEecFjVQQD/2wY1nJepWdAfhqiPTbLgGi+oc0/TykD31qUNqfeyDcjVv1FjDgZ76ooKwJ9ARXnSW5gWzw==",
        "dependencies": {
          "DistributedLock.Postgres": "1.3.0",
          "JasperFx.Events": "2.38.0",
          "Npgsql": "9.0.4",
          "Npgsql.NetTopologySuite": "9.0.4",
          "Weasel.Core": "9.23.2"
        }
      },
      "Weasel.Storage": {
        "type": "Transitive",
        "resolved": "9.23.2",
        "contentHash": "0PbqUCveqd+5hEllyLvoVrfyJHlAYOoZ2COn6AY7rt91h2wezxKfcFYQZH1b6rqznxDhIfCiwIfQ5FbtalgHeQ==",
        "dependencies": {
          "JasperFx.Events": "2.38.0",
          "Weasel.Core": "9.23.2"
        }
      },
      "WolverineFx": {
        "type": "Transitive",
        "resolved": "6.25.0",
        "contentHash": "TRg1aIni/xSfgiu2KhhMe0IP8cQb9KHs6i345m0+pYWYhvhbEIEJjJkDLU/43uPnivP/t9VTSeqHIX9YeDIxxQ==",
        "dependencies": {
          "JasperFx": "2.39.5",
          "JasperFx.Events": "2.39.5",
          "JasperFx.SourceGenerator": "2.39.5",
          "NewId": "4.0.1"
        }
      },
      "WolverineFx.Postgresql": {
        "type": "Transitive",
        "resolved": "6.25.0",
        "contentHash": "lLQ8Ta9TfZIBP/P5b9P+ufhjPFT6tr+SuP+1Qkn71rt6lWJNOaAPjFxTCf5dcRFBP4ssOpyHFYIbXgQ4PDy6qQ==",
        "dependencies": {
          "Weasel.Postgresql": "9.23.0",
          "WolverineFx.RDBMS": "6.25.0"
        }
      },
      "WolverineFx.RDBMS": {
        "type": "Transitive",
        "resolved": "6.25.0",
        "contentHash": "wodoW9HcuWC10mrOmyPkUZyy23iyWP7ZpcC9vWLvNcrijscISNTljQJmdIF7Oq5FwbnJH7z8zETBn21ONmzTzg==",
        "dependencies": {
          "Weasel.Core": "9.23.0",
          "WolverineFx": "6.25.0"
        }
      },
      "andregoepel.appfoundation.core": {
        "type": "Project"
      },
      "andregoepel.appfoundation.mailservice": {
        "type": "Project",
        "dependencies": {
          "AndreGoepel.Core": "[1.0.1, )",
          "AndreGoepel.Marten.Configuration": "[1.1.0, )",
          "MailKit": "[4.17.0, )",
          "Marten": "[9.22.5, )",
          "Npgsql": "[9.0.5, )",
          "WolverineFx.Marten": "[6.25.0, )"
        }
      },
      "AndreGoepel.Core": {
        "type": "CentralTransitive",
        "requested": "[1.0.1, )",
        "resolved": "1.0.1",
        "contentHash": "jA27iMianyxUdrCtz5b6KxZOYxXlhZqkxDVKD6sed1sDCHF1upfV28CnczJ6kYPcrqJNj9+cDaxMWPlNvDkjcA=="
      },
      "AndreGoepel.Marten.Configuration": {
        "type": "CentralTransitive",
        "requested": "[1.1.0, )",
        "resolved": "1.1.0",
        "contentHash": "oz/8HU0TJ5efluVfz5d17BESg03G46DqYhuM0GXTuSNgeqxr/k7OYvJZl2pbw4IT8ffuDLj7Mwgo8xjiWJdyZA==",
        "dependencies": {
          "Marten": "9.19.0"
        }
      },
      "MailKit": {
        "type": "CentralTransitive",
        "requested": "[4.17.0, )",
        "resolved": "4.17.0",
        "contentHash": "1nUAVLxM9fhT/78we6/AGsCesnpn5dRNLLeRqOfr52Wnk87pzVwo5YMTMyqnmoXrYc7piGhmayiMA/OgDluIjg==",
        "dependencies": {
          "MimeKit": "4.17.0"
        }
      },
      "Marten.AspNetCore": {
        "type": "CentralTransitive",
        "requested": "[9.19.0, )",
        "resolved": "9.22.0",
        "contentHash": "ROuoPK3fU3NwZJipAlJPgFxpUwktNCDe6KCXueCgjt92kApOtadg/2dOuMTpmqB4rKEqWPr0k3s/m8ciezMR/A==",
        "dependencies": {
          "Marten": "9.22.0"
        }
      },
      "Quartz.Extensions.Hosting": {
        "type": "CentralTransitive",
        "requested": "[3.19.1, )",
        "resolved": "3.19.1",
        "contentHash": "gp6EUrreKcU/Az6b2bZNeebxJWMrmlLItXRmR9nX9zUSmMzQTIDWR7NTm3SsdmsoDBbrIU9vhkLD3uv1y5mMzA==",
        "dependencies": {
          "Quartz.Extensions.DependencyInjection": "3.19.1"
        }
      }
    }
  }
}