{
  "version": 2,
  "dependencies": {
    "net10.0": {
      "AndreGoepel.Design.Blazor": {
        "type": "Direct",
        "requested": "[1.6.4, )",
        "resolved": "1.6.4",
        "contentHash": "jqL66mJUPGprUTt5jx45aSP/MN0OBgX3C+7Oe+C6O1bz8s4DCKXBS0tPOT/1VfYgRW1kzHdVkMzvdUoz13P4lQ==",
        "dependencies": {
          "Radzen.Blazor": "11.2.6"
        }
      },
      "AndreGoepel.Marten.Identity.Blazor": {
        "type": "Direct",
        "requested": "[2.0.1, )",
        "resolved": "2.0.1",
        "contentHash": "icbzElxvJtNUvAm5vQp83Q0BNjLZX2G3gMabclNOFugwtCpNi/Rtgoegb00g3QC5VD+ExAYaNx5shv6BHiErfA==",
        "dependencies": {
          "AndreGoepel.Design.Blazor": "1.6.4",
          "AndreGoepel.Marten.Configuration": "1.2.1",
          "AndreGoepel.Marten.Identity": "2.0.1",
          "Marten": "9.29.0",
          "Radzen.Blazor": "11.2.6"
        }
      },
      "Marten": {
        "type": "Direct",
        "requested": "[9.30.0, )",
        "resolved": "9.30.0",
        "contentHash": "gXz6k10iClFpKgJBLAzOdFgX+mFyYsSPG6iXBDW3jM/Dr+V8jtqrFGU+tVHUe7w8NRFEz5o0KiWaVNtp7rNpCg==",
        "dependencies": {
          "JasperFx": "2.56.0",
          "JasperFx.Events": "2.56.0",
          "Microsoft.IO.RecyclableMemoryStream": "3.0.1",
          "Weasel.Postgresql": "9.27.0",
          "Weasel.Storage": "9.27.0"
        }
      },
      "Npgsql": {
        "type": "Direct",
        "requested": "[10.0.3, )",
        "resolved": "10.0.3",
        "contentHash": "7nb5YzXuvWWJxB0J8DiyL3we+X4FOctZrt0fIBnucOIaIevFEEwGQVZKtiu9olXdlNAK1eNgqSral6r/jlhI4w=="
      },
      "Quartz.Extensions.Hosting": {
        "type": "Direct",
        "requested": "[3.20.0, )",
        "resolved": "3.20.0",
        "contentHash": "pFcsLUhDYMt00jW6atTp0+/GJGVp3JKNdAXCxV0l/pTJKOmHmZ5bw4+aTVHdyRx0oodW3B17gK/gg9Hw0KGMLQ==",
        "dependencies": {
          "Quartz.Extensions.DependencyInjection": "3.20.0"
        }
      },
      "Radzen.Blazor": {
        "type": "Direct",
        "requested": "[11.2.8, )",
        "resolved": "11.2.8",
        "contentHash": "17dcvLPk8tjZT1Cjj/Rzt2+Mxr8D7XPVI754T0eICQ5EGwqVGCR7HhhvVferniEfyIrJiUXwXjkRcqlpkflbZg=="
      },
      "WolverineFx.Marten": {
        "type": "Direct",
        "requested": "[6.30.3, )",
        "resolved": "6.30.3",
        "contentHash": "HfKP2faDOYybPI+P15WA+uS8s6ayCRnome+Dmn/mTXxfH19v76KG0DTF872Q+6g3OmJO72KkNuvLlgwFz2otDw==",
        "dependencies": {
          "Marten": "9.23.0",
          "WolverineFx.Postgresql": "6.30.3"
        }
      },
      "AndreGoepel.Marten.Identity": {
        "type": "Transitive",
        "resolved": "2.0.1",
        "contentHash": "Bk0e4+LULY+TZ9Ju4zJyHyVWItrT72UHGiXcw/6y+Dd27p0w4VrfLvuDFyrN/2pawqWN9ceb5oudOi3vIoAEvQ==",
        "dependencies": {
          "AndreGoepel.Core": "1.0.2",
          "AndreGoepel.Marten.Configuration": "1.2.1",
          "AndreGoepel.Marten.Identity.Abstractions": "2.0.1",
          "Marten": "9.29.0",
          "Marten.AspNetCore": "9.29.0",
          "Quartz.Extensions.Hosting": "3.19.1"
        }
      },
      "AndreGoepel.Marten.Identity.Abstractions": {
        "type": "Transitive",
        "resolved": "2.0.1",
        "contentHash": "6TjhwMSPCgI/Nx8NcM5IqLxWPjwbVjko5HnFuFYR+UbRbwTctEfQne5cilk7yRTb3GUvAb/Cm1XKCmFjiNDKwA=="
      },
      "BouncyCastle.Cryptography": {
        "type": "Transitive",
        "resolved": "2.6.2",
        "contentHash": "7oWOcvnntmMKNzDLsdxAYqApt+AjpRpP2CShjMfIa3umZ42UQMvH0tl1qAliYPNYO6vTdcGMqnRrCPmsfzTI1w=="
      },
      "DistributedLock.Core": {
        "type": "Transitive",
        "resolved": "1.0.8",
        "contentHash": "LAOsY8WxX8JU/n3lfXFz+f2pfnv0+4bHkCrOO3bwa28u9HrS3DlxSG6jf+u76SqesKs+KehZi0CndkfaUXBKvg=="
      },
      "DistributedLock.Postgres": {
        "type": "Transitive",
        "resolved": "1.3.0",
        "contentHash": "CyjXmbhFgG30qPg4DwGnsmZO63y5DBRo+PI2xW0NwtFrsYsMVt/T1RcEUlb36JMKhDkf+euhnkanv/nU+W35qA==",
        "dependencies": {
          "DistributedLock.Core": "[1.0.8, 1.1.0)",
          "Npgsql": "8.0.6"
        }
      },
      "FastExpressionCompiler": {
        "type": "Transitive",
        "resolved": "5.4.1",
        "contentHash": "nqMykMspK5cQd35Y8ulQzAujxCcCwZVUne32pC5xNpXqrbPCuKOPMWkKHJ3LveAZPm6dsVvump0TJ1SZ9RzfTQ=="
      },
      "ImTools": {
        "type": "Transitive",
        "resolved": "4.0.0",
        "contentHash": "dms0JfLKC9AQbQX/EdpRjn59EjEvaCxIgv1z9YxbEQb5SiOVoo7vlIKdEySeEwUkWhN05rZnNpUpG+aw5VqPVQ=="
      },
      "JasperFx": {
        "type": "Transitive",
        "resolved": "2.57.1",
        "contentHash": "Ba7zEwJx7b37isgG/TIu2inOtxpz+CBsXXfq+Y5JmQJ2CDIExzZ001d0y6a09RFc+OgKgPEbORJfhm4xlLChJQ==",
        "dependencies": {
          "FastExpressionCompiler": "5.4.1",
          "ImTools": "4.0.0",
          "Microsoft.Bcl.TimeProvider": "10.0.0",
          "Polly.Core": "8.6.5",
          "Spectre.Console": "0.55.0"
        }
      },
      "JasperFx.Events": {
        "type": "Transitive",
        "resolved": "2.57.1",
        "contentHash": "JpW/F4vvkzJ13KisurNKRaR64mSypMGKvZKebus3C9FD43823dlAk73v+AmvBTSsYZKwbAvfZVLM/7TDNiYO2w==",
        "dependencies": {
          "JasperFx": "2.57.1"
        }
      },
      "JasperFx.SourceGenerator": {
        "type": "Transitive",
        "resolved": "2.57.1",
        "contentHash": "VE0i1iaRMFN7RRyZsMMvXxJgudnSCCyRp27fcMXj5nxiqLNj4yfKgmdECrk7UWOzqi8hKVKANDbly0kNdaODUw=="
      },
      "Microsoft.Bcl.TimeProvider": {
        "type": "Transitive",
        "resolved": "10.0.0",
        "contentHash": "bUubrBD6tRJE3V1kvRloYc6NymH3R5oFKjAS9e0ELNx6u0ZR+zjps9dDQyjgqN/rArzl7f+21KGszj3YRN7F2Q=="
      },
      "Microsoft.IO.RecyclableMemoryStream": {
        "type": "Transitive",
        "resolved": "3.0.1",
        "contentHash": "s/s20YTVY9r9TPfTrN5g8zPF1YhwxyqO6PxUkrYTGI2B+OGPe9AdajWZrLhFqXIvqIW23fnUE4+ztrUWNU1+9g=="
      },
      "MimeKit": {
        "type": "Transitive",
        "resolved": "4.17.0",
        "contentHash": "h/KXsCreJf8RpR/PSAtlbvYtZFndp9N8Wn1Bs248AL7ITyhn+AiIY5bLTvt60tbN2mu6g8KadtBNWygTji2lqg==",
        "dependencies": {
          "BouncyCastle.Cryptography": "2.6.2",
          "System.Security.Cryptography.Pkcs": "10.0.0"
        }
      },
      "NetTopologySuite": {
        "type": "Transitive",
        "resolved": "2.5.0",
        "contentHash": "5/+2O2ADomEdUn09mlSigACdqvAf0m/pVPGtIPEPQWnyrVykYY0NlfXLIdkMgi41kvH9kNrPqYaFBTZtHYH7Xw=="
      },
      "NetTopologySuite.IO.PostGis": {
        "type": "Transitive",
        "resolved": "2.1.0",
        "contentHash": "3W8XTFz8iP6GQ5jDXK1/LANHiU+988k1kmmuPWNKcJLpmSg6CvFpbTpz+s4+LBzkAp64wHGOldSlkSuzYfrIKA==",
        "dependencies": {
          "NetTopologySuite": "[2.0.0, 3.0.0-A)"
        }
      },
      "NewId": {
        "type": "Transitive",
        "resolved": "4.0.1",
        "contentHash": "jegBasNndmG21G3BmT51suFDCIz/sLN81j+IxmkZ4iWoaDi8LygeHiyNnYbXz5OQh9nCRJFIx1+PJrlYi1Gc9Q=="
      },
      "Npgsql.NetTopologySuite": {
        "type": "Transitive",
        "resolved": "9.0.4",
        "contentHash": "7AwBLPz8EPmgAXveZ55K0Tz/9bNb8j4VI4pkTOQjyHrce8wWfAA9pefm3REidy+Kt2UFiAWef34YVi7sb/kB4A==",
        "dependencies": {
          "NetTopologySuite": "2.5.0",
          "NetTopologySuite.IO.PostGIS": "2.1.0",
          "Npgsql": "9.0.4"
        }
      },
      "Polly.Core": {
        "type": "Transitive",
        "resolved": "8.6.5",
        "contentHash": "t+sUVrIwvo7UmsgHGgOG9F0GDZSRIm47u2ylH17Gvcv1q5hNEwgD5GoBlFyc0kh/pebmPyrAgvGsR/65ZBaXlg=="
      },
      "Quartz": {
        "type": "Transitive",
        "resolved": "3.20.0",
        "contentHash": "mDyb74DiYb4FYs0/hdCdBEq/lQ2Y3ekgVb2APEnJXc6imFqMKIlKV8pKKurfRDMh2fGZ+iXZfNm7nKfmd6wOOg=="
      },
      "Quartz.Extensions.DependencyInjection": {
        "type": "Transitive",
        "resolved": "3.20.0",
        "contentHash": "s7Na0G4rSHRLIEWNGZxou69tpuzyimib8lAR7q7Cidmz8tK4ELLfgPpfI7cwZE//9qhOMZkK6b9Hju40ZMNhOQ==",
        "dependencies": {
          "Quartz": "3.20.0"
        }
      },
      "Spectre.Console": {
        "type": "Transitive",
        "resolved": "0.55.0",
        "contentHash": "2TVhUHFsDux0Z+y2Hv4bFsOMuON4SuotEEKkMparFkp5Rm259naaaEQrN4Sv6C1cbsiGKPjfkJDGgUp+hZPjTw==",
        "dependencies": {
          "Spectre.Console.Ansi": "0.55.0"
        }
      },
      "Spectre.Console.Ansi": {
        "type": "Transitive",
        "resolved": "0.55.0",
        "contentHash": "GIfgOvuF8MpU52bprhwtDEtx0gmVIGOepM8bw0lH/TSMD0rg1Xp+5Y53kPG8rFVdcpbNANlhDQ5mEVVPO3/2Tg=="
      },
      "System.Security.Cryptography.Pkcs": {
        "type": "Transitive",
        "resolved": "10.0.0",
        "contentHash": "UPWqLSygJlFerRi9XNIuM0a1VC8gHUIufyP24xQ0sc+XimqUAEcjpOz9DhKpyDjH+5B/wO3RpC0KpkEeDj/ddg=="
      },
      "Weasel.Core": {
        "type": "Transitive",
        "resolved": "9.27.0",
        "contentHash": "IM9O3x/1MaocEv+WNH47CFAoczA4wTN0MnUcSrdPIqTjBd6BD5/fH/VwrxResj1gP7euObJcAw2wd7YUp8cIDw==",
        "dependencies": {
          "JasperFx": "2.46.0"
        }
      },
      "Weasel.Postgresql": {
        "type": "Transitive",
        "resolved": "9.27.0",
        "contentHash": "J9GNOfs6Znl2gj5MRpU1Khd61DDVY8jh5XNPfezMrPD/3OeZpHb1z5Q1EINlEAJz1nuPnmEZT2yuYr4TpGbejg==",
        "dependencies": {
          "DistributedLock.Postgres": "1.3.0",
          "JasperFx.Events": "2.46.0",
          "Npgsql": "9.0.4",
          "Npgsql.NetTopologySuite": "9.0.4",
          "Weasel.Core": "9.27.0"
        }
      },
      "Weasel.Storage": {
        "type": "Transitive",
        "resolved": "9.27.0",
        "contentHash": "0n8CDUo6+XINLKMK9ZAXTR2RNmM9zu9kas6fteQf/odKAqSwkmxOI8yQ04Fc+R4I99uvyFWJVCMldcgHAnfEdQ==",
        "dependencies": {
          "JasperFx.Events": "2.46.0",
          "Weasel.Core": "9.27.0"
        }
      },
      "WolverineFx": {
        "type": "Transitive",
        "resolved": "6.30.3",
        "contentHash": "HN+RIPS9B8hkgDsLrUZEKLuYtj/LDvTDGsDyhhMyhrjYhLpbvc+14QI6t7RjUY+3paDDsgAkJVkCcnHMNovseg==",
        "dependencies": {
          "JasperFx": "2.57.1",
          "JasperFx.Events": "2.57.1",
          "JasperFx.SourceGenerator": "2.57.1",
          "NewId": "4.0.1"
        }
      },
      "WolverineFx.Postgresql": {
        "type": "Transitive",
        "resolved": "6.30.3",
        "contentHash": "cfoe8zEYHovl8OLNDw3j5wXAR8143lxc6l/NfAe78140XEzPQj1Vm5egI9+0yTdZLnjl5E9BnICpJMAhk3RxkA==",
        "dependencies": {
          "Weasel.Postgresql": "9.27.0",
          "WolverineFx.RDBMS": "6.30.3"
        }
      },
      "WolverineFx.RDBMS": {
        "type": "Transitive",
        "resolved": "6.30.3",
        "contentHash": "q5I//CftkDCABnObwF1N8ZKlQyaL34kK75/iRDnNo7zStjb0GFLAkk3FKdApqkebbPEsTuOHxQPf4H3AZZHZdQ==",
        "dependencies": {
          "Weasel.Core": "9.27.0",
          "WolverineFx": "6.30.3"
        }
      },
      "andregoepel.appfoundation.core": {
        "type": "Project"
      },
      "andregoepel.appfoundation.mailservice": {
        "type": "Project",
        "dependencies": {
          "AndreGoepel.Core": "[1.0.2, )",
          "AndreGoepel.Marten.Configuration": "[1.2.1, )",
          "MailKit": "[4.17.0, )",
          "Marten": "[9.30.0, )",
          "Npgsql": "[10.0.3, )",
          "WolverineFx.Marten": "[6.30.3, )"
        }
      },
      "AndreGoepel.Core": {
        "type": "CentralTransitive",
        "requested": "[1.0.2, )",
        "resolved": "1.0.2",
        "contentHash": "ID0p+VW7eTAztE+gSDZPD03tm+2tNHJ2yHwKH0m6ECLNH+udSqwhHqvsxdVl1Wj3ODrpCbU2lMb8L+S8GChZoQ=="
      },
      "AndreGoepel.Marten.Configuration": {
        "type": "CentralTransitive",
        "requested": "[1.2.1, )",
        "resolved": "1.2.1",
        "contentHash": "iOJ1dDf9znzk03qiN2BfdSypENjOP7HujN1gyPUCuTjavz8h4TfM3wwSimpsRuoGs4mX0VwI9VQf1siwbWKDoA==",
        "dependencies": {
          "Marten": "9.29.0"
        }
      },
      "MailKit": {
        "type": "CentralTransitive",
        "requested": "[4.17.0, )",
        "resolved": "4.17.0",
        "contentHash": "1nUAVLxM9fhT/78we6/AGsCesnpn5dRNLLeRqOfr52Wnk87pzVwo5YMTMyqnmoXrYc7piGhmayiMA/OgDluIjg==",
        "dependencies": {
          "MimeKit": "4.17.0"
        }
      },
      "Marten.AspNetCore": {
        "type": "CentralTransitive",
        "requested": "[9.29.0, )",
        "resolved": "9.29.0",
        "contentHash": "m/c6CtHbFHEX9HucmZuLYoAwM4XdHZ2X+mY9vbNSTDR1sq0oT2HZzC3pw1TZCCPqX7I92VY0JajvgwDpY/opRA==",
        "dependencies": {
          "Marten": "9.29.0"
        }
      }
    }
  }
}